
Microsoft Visual Studio Solution File, Format Version 12.00
# Visual Studio Version 17
VisualStudioVersion = 17.11.35312.102
MinimumVisualStudioVersion = 10.0.40219.1
Project("{9A19103F-16F7-4668-BE54-9A1E7A4F7556}") = "Domain.Sales", "Domain.Sales\Domain.Sales.csproj", "{299D7AE2-1CAD-4F12-B2B0-7454442AAB99}"
EndProject
Project("{9A19103F-16F7-4668-BE54-9A1E7A4F7556}") = "Domain.Invoicing", "Domain.Invoicing\Domain.Invoicing.csproj", "{0A5B80D0-EABD-4E0E-9B4A-0E167F9E581B}"
EndProject
Project("{9A19103F-16F7-4668-BE54-9A1E7A4F7556}") = "Domain.Shipping", "Domain.Shipping\Domain.Shipping.csproj", "{E7C7E083-1B03-4FA0-8EEC-7D92376F3438}"
EndProject
Project("{9A19103F-16F7-4668-BE54-9A1E7A4F7556}") = "Billing.Data", "Billing.Data\Billing.Data.csproj", "{47358831-9CDB-470F-8B11-CCB6E8051FFC}"
EndProject
Project("{9A19103F-16F7-4668-BE54-9A1E7A4F7556}") = "Billing.Api", "Billing.Api\Billing.Api.csproj", "{1143B72A-ECC4-4413-A588-EF21BE52C43E}"
EndProject
Global
	GlobalSection(SolutionConfigurationPlatforms) = preSolution
		Debug|Any CPU = Debug|Any CPU
		Release|Any CPU = Release|Any CPU
	EndGlobalSection
	GlobalSection(ProjectConfigurationPlatforms) = postSolution
		{299D7AE2-1CAD-4F12-B2B0-7454442AAB99}.Debug|Any CPU.ActiveCfg = Debug|Any CPU
		{299D7AE2-1CAD-4F12-B2B0-7454442AAB99}.Debug|Any CPU.Build.0 = Debug|Any CPU
		{299D7AE2-1CAD-4F12-B2B0-7454442AAB99}.Release|Any CPU.ActiveCfg = Release|Any CPU
		{299D7AE2-1CAD-4F12-B2B0-7454442AAB99}.Release|Any CPU.Build.0 = Release|Any CPU
		{0A5B80D0-EABD-4E0E-9B4A-0E167F9E581B}.Debug|Any CPU.ActiveCfg = Debug|Any CPU
		{0A5B80D0-EABD-4E0E-9B4A-0E167F9E581B}.Debug|Any CPU.Build.0 = Debug|Any CPU
		{0A5B80D0-EABD-4E0E-9B4A-0E167F9E581B}.Release|Any CPU.ActiveCfg = Release|Any CPU
		{0A5B80D0-EABD-4E0E-9B4A-0E167F9E581B}.Release|Any CPU.Build.0 = Release|Any CPU
		{E7C7E083-1B03-4FA0-8EEC-7D92376F3438}.Debug|Any CPU.ActiveCfg = Debug|Any CPU
		{E7C7E083-1B03-4FA0-8EEC-7D92376F3438}.Debug|Any CPU.Build.0 = Debug|Any CPU
		{E7C7E083-1B03-4FA0-8EEC-7D92376F3438}.Release|Any CPU.ActiveCfg = Release|Any CPU
		{E7C7E083-1B03-4FA0-8EEC-7D92376F3438}.Release|Any CPU.Build.0 = Release|Any CPU
		{47358831-9CDB-470F-8B11-CCB6E8051FFC}.Debug|Any CPU.ActiveCfg = Debug|Any CPU
		{47358831-9CDB-470F-8B11-CCB6E8051FFC}.Debug|Any CPU.Build.0 = Debug|Any CPU
		{47358831-9CDB-470F-8B11-CCB6E8051FFC}.Release|Any CPU.ActiveCfg = Release|Any CPU
		{47358831-9CDB-470F-8B11-CCB6E8051FFC}.Release|Any CPU.Build.0 = Release|Any CPU
		{1143B72A-ECC4-4413-A588-EF21BE52C43E}.Debug|Any CPU.ActiveCfg = Debug|Any CPU
		{1143B72A-ECC4-4413-A588-EF21BE52C43E}.Debug|Any CPU.Build.0 = Debug|Any CPU
		{1143B72A-ECC4-4413-A588-EF21BE52C43E}.Release|Any CPU.ActiveCfg = Release|Any CPU
		{1143B72A-ECC4-4413-A588-EF21BE52C43E}.Release|Any CPU.Build.0 = Release|Any CPU
	EndGlobalSection
	GlobalSection(SolutionProperties) = preSolution
		HideSolutionNode = FALSE
	EndGlobalSection
	GlobalSection(ExtensibilityGlobals) = postSolution
		SolutionGuid = {CCF02AFA-F7B2-4ED9-BACD-0CAC3C65954E}
	EndGlobalSection
EndGlobal
